
Microsoft Visual Studio Solution File, Format Version 12.00
# Visual Studio Version 17
VisualStudioVersion = 17.8.34330.188
MinimumVisualStudioVersion = 10.0.40219.1
Project("{FAE04EC0-301F-11D3-BF4B-00C04F79EFBC}") = "InvoicesDesktopApp", "InvoicesDesktopApp.csproj", "{5708D7A4-8466-4565-9A86-58EF68AFE7C9}"
EndProject
Global
	GlobalSection(SolutionConfigurationPlatforms) = preSolution
		Debug|Any CPU = Debug|Any CPU
		Release|Any CPU = Release|Any CPU
	EndGlobalSection
	GlobalSection(ProjectConfigurationPlatforms) = postSolution
		{5708D7A4-8466-4565-9A86-58EF68AFE7C9}.Debug|Any CPU.ActiveCfg = Debug|Any CPU
		{5708D7A4-8466-4565-9A86-58EF68AFE7C9}.Debug|Any CPU.Build.0 = Debug|Any CPU
		{5708D7A4-8466-4565-9A86-58EF68AFE7C9}.Release|Any CPU.ActiveCfg = Release|Any CPU
		{5708D7A4-8466-4565-9A86-58EF68AFE7C9}.Release|Any CPU.Build.0 = Release|Any CPU
	EndGlobalSection
	GlobalSection(SolutionProperties) = preSolution
		HideSolutionNode = FALSE
	EndGlobalSection
	GlobalSection(ExtensibilityGlobals) = postSolution
		SolutionGuid = {D559885C-1F5C-4738-A434-0979E21EB2AA}
	EndGlobalSection
EndGlobal
